[meta]
schema_version = 2
generated_at = "2026-07-09T03:45:49Z"

[packs."fastapi@0.115.14"]
pack_digest = "sha256:ed203d62181b3c3857eefa669acd5232f2e53d146fc42b8905686341e175a26e"
lifecycle_state = "draft"
indexed_at = "2026-07-09T03:45:49Z"
source_url = "https://fastapi.tiangolo.com/"

[packs."matplotlib@3.10.3"]
pack_digest = "sha256:667588ad1c4740e54127d5ebeb907ab610fb2d4035d50a04476ce1df437b9dd5"
lifecycle_state = "draft"
indexed_at = "2026-07-09T03:45:30Z"
source_url = "https://matplotlib.org/stable/"

[packs."sqlalchemy@2.0.41"]
pack_digest = "sha256:6fc0df80271c40ea1a23901e1da51f97a437ce77f3f5d0fe1978895a0c0ccdfa"
lifecycle_state = "draft"
indexed_at = "2026-07-09T03:45:41Z"
source_url = "https://docs.sqlalchemy.org/en/20/"
